
Microsoft Visual Studio Solution File, Format Version 12.00
# Visual Studio Version 16
VisualStudioVersion = 16.0.30804.86
MinimumVisualStudioVersion = 10.0.40219.1
Project("{9A19103F-16F7-4668-BE54-9A1E7A4F7556}") = "CanardEcarlate.Domain", "CanardEcarlate.Domain\CanardEcarlate.Domain.csproj", "{705B97A4-A8C6-4288-840E-CC088C073F4D}"
EndProject
Project("{9A19103F-16F7-4668-BE54-9A1E7A4F7556}") = "CanardEcarlate.Application", "CanardEcarlate.Application\CanardEcarlate.Application.csproj", "{F7D6C361-3ADC-4EBF-A6D6-FCDC6D0F2036}"
EndProject
Project("{9A19103F-16F7-4668-BE54-9A1E7A4F7556}") = "CanardEcarlate.Infrastructure", "CanardEcarlate.Infrastructure\CanardEcarlate.Infrastructure.csproj", "{E20B6E5F-2662-4A63-A898-6C56512F5E87}"
EndProject
Project("{9A19103F-16F7-4668-BE54-9A1E7A4F7556}") = "CanardEcarlate.Api", "CanardEcarlate.Api\CanardEcarlate.Api.csproj", "{AB516F91-4A9A-4D61-AFF3-2784ECFE16FF}"
EndProject
Project("{FAE04EC0-301F-11D3-BF4B-00C04F79EFBC}") = "CanardEcarlate.GameApi", "CanardEcarlate.GameApi\CanardEcarlate.GameApi.csproj", "{30F7EF1A-FE11-4B2D-8D71-DAE65C208758}"
EndProject
Global
	GlobalSection(SolutionConfigurationPlatforms) = preSolution
		Debug|Any CPU = Debug|Any CPU
		Debug|iPhone = Debug|iPhone
		Debug|iPhoneSimulator = Debug|iPhoneSimulator
		Release|Any CPU = Release|Any CPU
		Release|iPhone = Release|iPhone
		Release|iPhoneSimulator = Release|iPhoneSimulator
	EndGlobalSection
	GlobalSection(ProjectConfigurationPlatforms) = postSolution
		{705B97A4-A8C6-4288-840E-CC088C073F4D}.Debug|Any CPU.ActiveCfg = Debug|Any CPU
		{705B97A4-A8C6-4288-840E-CC088C073F4D}.Debug|Any CPU.Build.0 = Debug|Any CPU
		{705B97A4-A8C6-4288-840E-CC088C073F4D}.Debug|iPhone.ActiveCfg = Debug|Any CPU
		{705B97A4-A8C6-4288-840E-CC088C073F4D}.Debug|iPhone.Build.0 = Debug|Any CPU
		{705B97A4-A8C6-4288-840E-CC088C073F4D}.Debug|iPhoneSimulator.ActiveCfg = Debug|Any CPU
		{705B97A4-A8C6-4288-840E-CC088C073F4D}.Debug|iPhoneSimulator.Build.0 = Debug|Any CPU
		{705B97A4-A8C6-4288-840E-CC088C073F4D}.Release|Any CPU.ActiveCfg = Release|Any CPU
		{705B97A4-A8C6-4288-840E-CC088C073F4D}.Release|Any CPU.Build.0 = Release|Any CPU
		{705B97A4-A8C6-4288-840E-CC088C073F4D}.Release|iPhone.ActiveCfg = Release|Any CPU
		{705B97A4-A8C6-4288-840E-CC088C073F4D}.Release|iPhone.Build.0 = Release|Any CPU
		{705B97A4-A8C6-4288-840E-CC088C073F4D}.Release|iPhoneSimulator.ActiveCfg = Release|Any CPU
		{705B97A4-A8C6-4288-840E-CC088C073F4D}.Release|iPhoneSimulator.Build.0 = Release|Any CPU
		{F7D6C361-3ADC-4EBF-A6D6-FCDC6D0F2036}.Debug|Any CPU.ActiveCfg = Debug|Any CPU
		{F7D6C361-3ADC-4EBF-A6D6-FCDC6D0F2036}.Debug|Any CPU.Build.0 = Debug|Any CPU
		{F7D6C361-3ADC-4EBF-A6D6-FCDC6D0F2036}.Debug|iPhone.ActiveCfg = Debug|Any CPU
		{F7D6C361-3ADC-4EBF-A6D6-FCDC6D0F2036}.Debug|iPhone.Build.0 = Debug|Any CPU
		{F7D6C361-3ADC-4EBF-A6D6-FCDC6D0F2036}.Debug|iPhoneSimulator.ActiveCfg = Debug|Any CPU
		{F7D6C361-3ADC-4EBF-A6D6-FCDC6D0F2036}.Debug|iPhoneSimulator.Build.0 = Debug|Any CPU
		{F7D6C361-3ADC-4EBF-A6D6-FCDC6D0F2036}.Release|Any CPU.ActiveCfg = Release|Any CPU
		{F7D6C361-3ADC-4EBF-A6D6-FCDC6D0F2036}.Release|Any CPU.Build.0 = Release|Any CPU
		{F7D6C361-3ADC-4EBF-A6D6-FCDC6D0F2036}.Release|iPhone.ActiveCfg = Release|Any CPU
		{F7D6C361-3ADC-4EBF-A6D6-FCDC6D0F2036}.Release|iPhone.Build.0 = Release|Any CPU
		{F7D6C361-3ADC-4EBF-A6D6-FCDC6D0F2036}.Release|iPhoneSimulator.ActiveCfg = Release|Any CPU
		{F7D6C361-3ADC-4EBF-A6D6-FCDC6D0F2036}.Release|iPhoneSimulator.Build.0 = Release|Any CPU
		{E20B6E5F-2662-4A63-A898-6C56512F5E87}.Debug|Any CPU.ActiveCfg = Debug|Any CPU
		{E20B6E5F-2662-4A63-A898-6C56512F5E87}.Debug|Any CPU.Build.0 = Debug|Any CPU
		{E20B6E5F-2662-4A63-A898-6C56512F5E87}.Debug|iPhone.ActiveCfg = Debug|Any CPU
		{E20B6E5F-2662-4A63-A898-6C56512F5E87}.Debug|iPhone.Build.0 = Debug|Any CPU
		{E20B6E5F-2662-4A63-A898-6C56512F5E87}.Debug|iPhoneSimulator.ActiveCfg = Debug|Any CPU
		{E20B6E5F-2662-4A63-A898-6C56512F5E87}.Debug|iPhoneSimulator.Build.0 = Debug|Any CPU
		{E20B6E5F-2662-4A63-A898-6C56512F5E87}.Release|Any CPU.ActiveCfg = Release|Any CPU
		{E20B6E5F-2662-4A63-A898-6C56512F5E87}.Release|Any CPU.Build.0 = Release|Any CPU
		{E20B6E5F-2662-4A63-A898-6C56512F5E87}.Release|iPhone.ActiveCfg = Release|Any CPU
		{E20B6E5F-2662-4A63-A898-6C56512F5E87}.Release|iPhone.Build.0 = Release|Any CPU
		{E20B6E5F-2662-4A63-A898-6C56512F5E87}.Release|iPhoneSimulator.ActiveCfg = Release|Any CPU
		{E20B6E5F-2662-4A63-A898-6C56512F5E87}.Release|iPhoneSimulator.Build.0 = Release|Any CPU
		{AB516F91-4A9A-4D61-AFF3-2784ECFE16FF}.Debug|Any CPU.ActiveCfg = Debug|Any CPU
		{AB516F91-4A9A-4D61-AFF3-2784ECFE16FF}.Debug|Any CPU.Build.0 = Debug|Any CPU
		{AB516F91-4A9A-4D61-AFF3-2784ECFE16FF}.Debug|iPhone.ActiveCfg = Debug|Any CPU
		{AB516F91-4A9A-4D61-AFF3-2784ECFE16FF}.Debug|iPhone.Build.0 = Debug|Any CPU
		{AB516F91-4A9A-4D61-AFF3-2784ECFE16FF}.Debug|iPhoneSimulator.ActiveCfg = Debug|Any CPU
		{AB516F91-4A9A-4D61-AFF3-2784ECFE16FF}.Debug|iPhoneSimulator.Build.0 = Debug|Any CPU
		{AB516F91-4A9A-4D61-AFF3-2784ECFE16FF}.Release|Any CPU.ActiveCfg = Release|Any CPU
		{AB516F91-4A9A-4D61-AFF3-2784ECFE16FF}.Release|Any CPU.Build.0 = Release|Any CPU
		{AB516F91-4A9A-4D61-AFF3-2784ECFE16FF}.Release|iPhone.ActiveCfg = Release|Any CPU
		{AB516F91-4A9A-4D61-AFF3-2784ECFE16FF}.Release|iPhone.Build.0 = Release|Any CPU
		{AB516F91-4A9A-4D61-AFF3-2784ECFE16FF}.Release|iPhoneSimulator.ActiveCfg = Release|Any CPU
		{AB516F91-4A9A-4D61-AFF3-2784ECFE16FF}.Release|iPhoneSimulator.Build.0 = Release|Any CPU
		{30F7EF1A-FE11-4B2D-8D71-DAE65C208758}.Debug|Any CPU.ActiveCfg = Debug|Any CPU
		{30F7EF1A-FE11-4B2D-8D71-DAE65C208758}.Debug|Any CPU.Build.0 = Debug|Any CPU
		{30F7EF1A-FE11-4B2D-8D71-DAE65C208758}.Debug|iPhone.ActiveCfg = Debug|Any CPU
		{30F7EF1A-FE11-4B2D-8D71-DAE65C208758}.Debug|iPhone.Build.0 = Debug|Any CPU
		{30F7EF1A-FE11-4B2D-8D71-DAE65C208758}.Debug|iPhoneSimulator.ActiveCfg = Debug|Any CPU
		{30F7EF1A-FE11-4B2D-8D71-DAE65C208758}.Debug|iPhoneSimulator.Build.0 = Debug|Any CPU
		{30F7EF1A-FE11-4B2D-8D71-DAE65C208758}.Release|Any CPU.ActiveCfg = Release|Any CPU
		{30F7EF1A-FE11-4B2D-8D71-DAE65C208758}.Release|Any CPU.Build.0 = Release|Any CPU
		{30F7EF1A-FE11-4B2D-8D71-DAE65C208758}.Release|iPhone.ActiveCfg = Release|Any CPU
		{30F7EF1A-FE11-4B2D-8D71-DAE65C208758}.Release|iPhone.Build.0 = Release|Any CPU
		{30F7EF1A-FE11-4B2D-8D71-DAE65C208758}.Release|iPhoneSimulator.ActiveCfg = Release|Any CPU
		{30F7EF1A-FE11-4B2D-8D71-DAE65C208758}.Release|iPhoneSimulator.Build.0 = Release|Any CPU
	EndGlobalSection
	GlobalSection(SolutionProperties) = preSolution
		HideSolutionNode = FALSE
	EndGlobalSection
	GlobalSection(ExtensibilityGlobals) = postSolution
		SolutionGuid = {98D27CD4-85FB-4AF5-9AEC-BDD992D16127}
	EndGlobalSection
EndGlobal
